hash: 1dcbbc192182125021b40497fcf9d52bc643455a3bb03d6cd3458819fcb03dbb
updated: 2016-04-12T13:27:50.987288211-06:00
imports:
- name: github.com/aokoli/goutils
  version: 9c37978a95bd5c709a15883b6242714ea6709e64
- name: github.com/codegangsta/cli
  version: 71f57d300dd6a780ac1856c005c4b518cfd498ec
- name: github.com/golang/protobuf
  version: dda510ac0fd43b39770f22ac6260eb91d377bce3
  subpackages:
  - proto
- name: github.com/Masterminds/sprig
  version: 679bb747f11c6ffc3373965988fea8877c40b47b
- name: github.com/spf13/cobra
  version: 4c05eb1145f16d0e6bb4a3e1b6d769f4713cb41f
  subpackages:
  - cobra
- name: github.com/spf13/pflag
  version: 1f296710f879815ad9e6d39d947c828c3e4b4c3d
- name: golang.org/x/net
  version: 589fda73dd0faec3dc59e7d7dab5b069e3fce0f9
  subpackages:
  - context
  - http2
  - trace
  - http2/hpack
  - internal/timeseries
- name: google.golang.org/grpc
  version: d07d0562ffca36dd7ee333b5d236209f98fe9ba0
  subpackages:
  - codes
  - credentials
  - grpclog
  - internal
  - metadata
  - naming
  - transport
  - peer
devImports: []
