hash: 9b0337b6fd16de350036ff27385d937cd6b84354f2ebdd906c0b00b66747956b
updated: 2016-03-16T02:47:06.041180391-04:00
imports:
- name: github.com/aokoli/goutils
  version: 9c37978a95bd5c709a15883b6242714ea6709e64
- name: github.com/cloudfoundry-incubator/candiedyaml
  version: 4e924c79e32959414e8c7aaed6607176d8ee79c3
- name: github.com/codegangsta/cli
  version: aca5b047ed14d17224157c3434ea93bf6cdaadee
- name: github.com/emicklei/go-restful
  version: 402f11d42bfe18198ffd5c68258c631c8fbf2c3c
- name: github.com/ghodss/yaml
  version: 1a6f069841556a7bcaff4a397ca6e8328d266c2f
- name: github.com/google/go-github
  version: 58e27d2951882f0b3101ba9d6e0c34a0a49350c6
  subpackages:
  - github
- name: github.com/google/go-querystring
  version: 6bb77fe6f42b85397288d4f6f67ac72f8f400ee7
  subpackages:
  - query
- name: github.com/gorilla/context
  version: 1ea25387ff6f684839d82767c1733ff4d4d15d0a
- name: github.com/gorilla/handlers
  version: ee54c7b44cab12289237fb8631314790076e728b
- name: github.com/gorilla/mux
  version: acf3be1b335c8ce30b2c8d51300984666f0ceefa
- name: github.com/Masterminds/httputil
  version: e9b977e9cf16f9d339573e18f0f1f7ce5d3f419a
- name: github.com/Masterminds/semver
  version: 808ed7761c233af2de3f9729a041d68c62527f3a
- name: github.com/Masterminds/sprig
  version: 0199893f008a87287bf2b4e3e390e66bb074c659
- name: golang.org/x/net
  version: 35b06af0720201bc2f326773a80767387544f8c4
- name: golang.org/x/oauth2
  version: 045497edb6234273d67dbc25da3f2ddbc4c4cacf
- name: google.golang.org/api
  version: e61f6e00cdf8b78313641288c50f6e2d4e3d749c
  subpackages:
  - storage
- name: google.golang.org/cloud
  version: 5ff67fe23b1ba3ed2135491d9bb2ca087c84bfde
  subpackages:
  - compute
- name: gopkg.in/mgo.v2
  version: b6e2fa371e64216a45e61072a96d4e3859f169da
- name: gopkg.in/yaml.v2
  version: a83829b6f1293c91addabc89d0571c246397bbf4
devImports: []
