# This file is autogenerated, do not edit; changes may be undone by the next 'dep ensure'.


[[projects]]
  digest = "1:5ad08b0e14866764a6d7475eb11c9cf05cad9a52c442593bdfa544703ff77f61"
  name = "cloud.google.com/go"
  packages = ["compute/metadata"]
  pruneopts = "UT"
  revision = "0ebda48a7f143b1cce9eb37a8c1106ac762a3430"
  version = "v0.34.0"

[[projects]]
  digest = "1:b92928b73320648b38c93cacb9082c0fe3f8ac3383ad9bd537eef62c380e0e7a"
  name = "contrib.go.opencensus.io/exporter/ocagent"
  packages = ["."]
  pruneopts = "UT"
  revision = "00af367e65149ff1f2f4b93bbfbb84fd9297170d"
  version = "v0.2.0"

[[projects]]
  branch = "master"
  digest = "1:6da51e5ec493ad2b44cb04129e2d0a068c8fb9bd6cb5739d199573558696bb94"
  name = "github.com/Azure/go-ansiterm"
  packages = [
    ".",
    "winterm",
  ]
  pruneopts = "UT"
  revision = "d6e3b3328b783f23731bc4d058875b0371ff8109"

[[projects]]
  digest = "1:1cd7c78615a24f1f886b7c23d9a1d323dee3c36e76c0a64a348ab72036be90bf"
  name = "github.com/Azure/go-autorest"
  packages = [
    "autorest",
    "autorest/adal",
    "autorest/azure",
    "autorest/date",
    "logger",
    "tracing",
  ]
  pruneopts = "UT"
  revision = "f401b1ccc8eb505927fae7a0c7f6406d37ca1c7e"
  version = "v11.2.8"

[[projects]]
  digest = "1:9f3b30d9f8e0d7040f729b82dcbc8f0dead820a133b3147ce355fc451f32d761"
  name = "github.com/BurntSushi/toml"
  packages = ["."]
  pruneopts = "UT"
  revision = "3012a1dbe2e4bd1391d42b32f0577cb7bbc7f005"
  version = "v0.3.1"

[[projects]]
  branch = "master"
  digest = "1:9831b48eaba66c6eee6b8bc698d5a669088313cfee3c94435056e3522e4a53fb"
  name = "github.com/MakeNowJust/heredoc"
  packages = ["."]
  pruneopts = "UT"
  revision = "e9091a26100e9cfb2b6a8f470085bfa541931a91"

[[projects]]
  digest = "1:55388fd080150b9a072912f97b1f5891eb0b50df43401f8b75fb4273d3fec9fc"
  name = "github.com/Masterminds/semver"
  packages = ["."]
  pruneopts = "UT"
  revision = "c7af12943936e8c39859482e61f0574c2fd7fc75"
  version = "v1.4.2"

[[projects]]
  digest = "1:b0baf96eb3f1387dfd368f38f1d9c91adb947239530014d1006540ccee7579b2"
  name = "github.com/Masterminds/sprig"
  packages = ["."]
  pruneopts = "UT"
  revision = "15f9564e7e9cf0da02a48e0d25f12a7b83559aa6"
  version = "v2.16.0"

[[projects]]
  digest = "1:74334b154a542b15a7391df3db5428675fdaa56b4d3f3de7b750289b9500d70e"
  name = "github.com/Masterminds/vcs"
  packages = ["."]
  pruneopts = "UT"
  revision = "b4f55832432b95a611cf1495272b5c8e24952a1a"
  version = "v1.13.0"

[[projects]]
  digest = "1:d1665c44bd5db19aaee18d1b6233c99b0b9a986e8bccb24ef54747547a48027f"
  name = "github.com/PuerkitoBio/purell"
  packages = ["."]
  pruneopts = "UT"
  revision = "0bcb03f4b4d0a9428594752bd2a3b9aa0a9d4bd4"
  version = "v1.1.0"

[[projects]]
  branch = "master"
  digest = "1:c739832d67eb1e9cc478a19cc1a1ccd78df0397bf8a32978b759152e205f644b"
  name = "github.com/PuerkitoBio/urlesc"
  packages = ["."]
  pruneopts = "UT"
  revision = "de5bf2ad457846296e2031421a34e2568e304e35"

[[projects]]
  branch = "master"
  digest = "1:5b8a3b9e8d146a93f6d0538d3be408c9adff07fd694d4094b814a376b4727b14"
  name = "github.com/Shopify/logrus-bugsnag"
  packages = ["."]
  pruneopts = "UT"
  revision = "577dee27f20dd8f1a529f82210094af593be12bd"

[[projects]]
  digest = "1:8f5416c7f59da8600725ae1ff00a99af1da8b04c211ae6f3c8f8bcab0164f650"
  name = "github.com/aokoli/goutils"
  packages = ["."]
  pruneopts = "UT"
  revision = "3391d3790d23d03408670993e957e8f408993c34"
  version = "v1.0.1"

[[projects]]
  digest = "1:320e7ead93de9fd2b0e59b50fd92a4d50c1f8ab455d96bc2eb083267453a9709"
  name = "github.com/asaskevich/govalidator"
  packages = ["."]
  pruneopts = "UT"
  revision = "ccb8e960c48f04d6935e72476ae4a51028f9e22f"
  version = "v9"

[[projects]]
  branch = "master"
  digest = "1:d6afaeed1502aa28e80a4ed0981d570ad91b2579193404256ce672ed0a609e0d"
  name = "github.com/beorn7/perks"
  packages = ["quantile"]
  pruneopts = "UT"
  revision = "3a771d992973f24aa725d07868b467d1ddfceafb"

[[projects]]
  digest = "1:7b81d2ed76bf960333a8020c4b8c22abd6072f0b54ad31c66e90e6a17a19315a"
  name = "github.com/bshuster-repo/logrus-logstash-hook"
  packages = ["."]
  pruneopts = "UT"
  revision = "dbc1e22735aa6ed7bd9579a407c17bc7c4a4e046"
  version = "v0.4.1"

[[projects]]
  digest = "1:a9ef0c82c0459e56e52a374cff03bc7b21a2e76bd957cc368fafd23ca0ba0b45"
  name = "github.com/bugsnag/bugsnag-go"
  packages = [
    ".",
    "errors",
  ]
  pruneopts = "UT"
  revision = "3f5889f222e9c07aa1f62c5e8c202e402ce574cd"
  version = "v1.3.2"

[[projects]]
  digest = "1:3049c43c6d1cfaa347acd27d6342187f8f38d9f416bbba7b02b43f82848302d2"
  name = "github.com/bugsnag/panicwrap"
  packages = ["."]
  pruneopts = "UT"
  revision = "4009b2b7c78d820cc4a2e42f035bb557ce4ae45b"
  version = "v1.2.0"

[[projects]]
  digest = "1:65b0d980b428a6ad4425f2df4cd5410edd81f044cf527bd1c345368444649e58"
  name = "github.com/census-instrumentation/opencensus-proto"
  packages = [
    "gen-go/agent/common/v1",
    "gen-go/agent/trace/v1",
    "gen-go/resource/v1",
    "gen-go/trace/v1",
  ]
  pruneopts = "UT"
  revision = "7f2434bc10da710debe5c4315ed6d4df454b4024"
  version = "v0.1.0"

[[projects]]
  branch = "master"
  digest = "1:95e08278c876d185ba67533f045e9e63b3c9d02cbd60beb0f4dbaa2344a13ac2"
  name = "github.com/chai2010/gettext-go"
  packages = [
    "gettext",
    "gettext/mo",
    "gettext/plural",
    "gettext/po",
  ]
  pruneopts = "UT"
  revision = "bf70f2a70fb1b1f36d90d671a72795984eab0fcb"

[[projects]]
  digest = "1:1872596d45cb52913fcdea90d468f3e57435959e9c0d99ccb316ee76de341313"
  name = "github.com/containerd/containerd"
  packages = [
    "content",
    "errdefs",
    "images",
    "log",
    "platforms",
    "reference",
    "remotes",
    "remotes/docker",
  ]
  pruneopts = "UT"
  revision = "9b32062dc1f5a7c2564315c269b5059754f12b9d"
  version = "v1.2.1"

[[projects]]
  digest = "1:7cb4fdca4c251b3ef8027c90ea35f70c7b661a593b9eeae34753c65499098bb1"
  name = "github.com/cpuguy83/go-md2man"
  packages = ["md2man"]
  pruneopts = "UT"
  revision = "20f5889cbdc3c73dbd2862796665e7c465ade7d1"
  version = "v1.0.8"

[[projects]]
  digest = "1:ffe9824d294da03b391f44e1ae8281281b4afc1bdaa9588c9097785e3af10cec"
  name = "github.com/davecgh/go-spew"
  packages = ["spew"]
  pruneopts = "UT"
  revision = "8991bc29aa16c548c550c7ff78260e27b9ab7c73"
  version = "v1.1.1"

[[projects]]
  digest = "1:8285cd51b86f5c3af447ad1db7c8572578a422cf9a50f1f07eea1d021151044f"
  name = "github.com/deislabs/oras"
  packages = [
    "pkg/content",
    "pkg/oras",
  ]
  pruneopts = "UT"
  revision = "e8a1fa6ff9a507b99eedd45745959e8c5b826d9f"
  version = "v0.3.3"

[[projects]]
  digest = "1:76dc72490af7174349349838f2fe118996381b31ea83243812a97e5a0fd5ed55"
  name = "github.com/dgrijalva/jwt-go"
  packages = ["."]
  pruneopts = "UT"
  revision = "06ea1031745cb8b3dab3f6a236daf2b0aa468b7e"
  version = "v3.2.0"

[[projects]]
  digest = "1:888aaacf886021e4a0fa6b09a61f1158063bd6c2e2ddefe14f3a7ccbc93ffe27"
  name = "github.com/docker/distribution"
  packages = [
    ".",
    "configuration",
    "context",
    "digestset",
    "health",
    "health/checks",
    "manifest",
    "manifest/manifestlist",
    "manifest/ocischema",
    "manifest/schema1",
    "manifest/schema2",
    "metrics",
    "notifications",
    "reference",
    "registry",
    "registry/api/errcode",
    "registry/api/v2",
    "registry/auth",
    "registry/client",
    "registry/client/auth",
    "registry/client/auth/challenge",
    "registry/client/transport",
    "registry/handlers",
    "registry/listener",
    "registry/middleware/registry",
    "registry/middleware/repository",
    "registry/proxy",
    "registry/proxy/scheduler",
    "registry/storage",
    "registry/storage/cache",
    "registry/storage/cache/memory",
    "registry/storage/cache/redis",
    "registry/storage/driver",
    "registry/storage/driver/base",
    "registry/storage/driver/factory",
    "registry/storage/driver/inmemory",
    "registry/storage/driver/middleware",
    "uuid",
    "version",
  ]
  pruneopts = "UT"
  revision = "40b7b5830a2337bb07627617740c0e39eb92800c"
  version = "v2.7.0"

[[projects]]
  branch = "master"
  digest = "1:8da8bb2b12c31c632e96ca6f15666a36c36cd390326b6c5e1c5e309cf4b5419a"
  name = "github.com/docker/docker"
  packages = [
    "pkg/term",
    "pkg/term/windows",
  ]
  pruneopts = "UT"
  revision = "2cb26cfe9cbf8a64c5046c74d65f4528b22e67f4"

[[projects]]
  branch = "master"
  digest = "1:2b126e77be4ab4b92cdb3924c87894dd76bf365ba282f358a13133e848aa0059"
  name = "github.com/docker/go-metrics"
  packages = ["."]
  pruneopts = "UT"
  revision = "b84716841b82eab644a0c64fc8b42d480e49add5"

[[projects]]
  digest = "1:6f82cacd0af5921e99bf3f46748705239b36489464f4529a1589bc895764fb18"
  name = "github.com/docker/go-units"
  packages = ["."]
  pruneopts = "UT"
  revision = "47565b4f722fb6ceae66b95f853feed578a4a51c"
  version = "v0.3.3"

[[projects]]
  branch = "master"
  digest = "1:4841e14252a2cecf11840bd05230412ad469709bbacfc12467e2ce5ad07f339b"
  name = "github.com/docker/libtrust"
  packages = ["."]
  pruneopts = "UT"
  revision = "aabc10ec26b754e797f9028f4589c5b7bd90dc20"

[[projects]]
  branch = "master"
  digest = "1:ecdc8e0fe3bc7d549af1c9c36acf3820523b707d6c071b6d0c3860882c6f7b42"
  name = "github.com/docker/spdystream"
  packages = [
    ".",
    "spdy",
  ]
  pruneopts = "UT"
  revision = "6480d4af844c189cf5dd913db24ddd339d3a4f85"

[[projects]]
  digest = "1:899234af23e5793c34e06fd397f86ba33af5307b959b6a7afd19b63db065a9d7"
  name = "github.com/emicklei/go-restful"
  packages = [
    ".",
    "log",
  ]
  pruneopts = "UT"
  revision = "3eb9738c1697594ea6e71a7156a9bb32ed216cf0"
  version = "v2.8.0"

[[projects]]
  digest = "1:b48d19e79fa607e9e3715ff9a73cdd3777a9cac254b50b9af721466f687e850d"
  name = "github.com/evanphx/json-patch"
  packages = ["."]
  pruneopts = "UT"
  revision = "afac545df32f2287a079e2dfb7ba2745a643747e"
  version = "v3.0.0"

[[projects]]
  branch = "master"
  digest = "1:5e0da1aba1a7b125f46e6ddca43e98b40cf6eaea3322b016c331cf6afe53c30a"
  name = "github.com/exponent-io/jsonpath"
  packages = ["."]
  pruneopts = "UT"
  revision = "d6023ce2651d8eafb5c75bb0c7167536102ec9f5"

[[projects]]
  digest = "1:bbc4aacabe6880bdbce849c64cb061b7eddf39f132af4ea2853ddd32f85fbec3"
  name = "github.com/fatih/camelcase"
  packages = ["."]
  pruneopts = "UT"
  revision = "44e46d280b43ec1531bb25252440e34f1b800b65"
  version = "v1.0.0"

[[projects]]
  digest = "1:0594af97b2f4cec6554086eeace6597e20a4b69466eb4ada25adf9f4300dddd2"
  name = "github.com/garyburd/redigo"
  packages = [
    "internal",
    "redis",
  ]
  pruneopts = "UT"
  revision = "a69d19351219b6dd56f274f96d85a7014a2ec34e"
  version = "v1.6.0"

[[projects]]
  digest = "1:2cd7915ab26ede7d95b8749e6b1f933f1c6d5398030684e6505940a10f31cfda"
  name = "github.com/ghodss/yaml"
  packages = ["."]
  pruneopts = "UT"
  revision = "0ca9ea5df5451ffdf184b4428c902747c2c11cd7"
  version = "v1.0.0"

[[projects]]
  digest = "1:953a2628e4c5c72856b53f5470ed5e071c55eccf943d798d42908102af2a610f"
  name = "github.com/go-openapi/jsonpointer"
  packages = ["."]
  pruneopts = "UT"
  revision = "ef5f0afec364d3b9396b7b77b43dbe26bf1f8004"
  version = "v0.17.2"

[[projects]]
  digest = "1:81210e0af657a0fb3638932ec68e645236bceefa4c839823db0c4d918f080895"
  name = "github.com/go-openapi/jsonreference"
  packages = ["."]
  pruneopts = "UT"
  revision = "8483a886a90412cd6858df4ea3483dce9c8e35a3"
  version = "v0.17.2"

[[projects]]
  digest = "1:394fed5c0425fe01da3a34078adaa1682e4deaea6e5d232dde25c4034004c151"
  name = "github.com/go-openapi/spec"
  packages = ["."]
  pruneopts = "UT"
  revision = "5bae59e25b21498baea7f9d46e9c147ec106a42e"
  version = "v0.17.2"

[[projects]]
  digest = "1:32f3d2e7f343de7263c550d696fb8a64d3c49d8df16b1ddfc8e80e1e4b3233ce"
  name = "github.com/go-openapi/swag"
  packages = ["."]
  pruneopts = "UT"
  revision = "5899d5c5e619fda5fa86e14795a835f473ca284c"
  version = "v0.17.2"

[[projects]]
  digest = "1:9ae31ce33b4bab257668963e844d98765b44160be4ee98cafc44637a213e530d"
  name = "github.com/gobwas/glob"
  packages = [
    ".",
    "compiler",
    "match",
    "syntax",
    "syntax/ast",
    "syntax/lexer",
    "util/runes",
    "util/strings",
  ]
  pruneopts = "UT"
  revision = "5ccd90ef52e1e632236f7326478d4faa74f99438"
  version = "v0.2.3"

[[projects]]
  digest = "1:b402bb9a24d108a9405a6f34675091b036c8b056aac843bf6ef2389a65c5cf48"
  name = "github.com/gogo/protobuf"
  packages = [
    "proto",
    "sortkeys",
  ]
  pruneopts = "UT"
  revision = "4cbf7e384e768b4e01799441fdf2a706a5635ae7"
  version = "v1.2.0"

[[projects]]
  branch = "master"
  digest = "1:3fb07f8e222402962fa190eb060608b34eddfb64562a18e2167df2de0ece85d8"
  name = "github.com/golang/groupcache"
  packages = ["lru"]
  pruneopts = "UT"
  revision = "c65c006176ff7ff98bb916961c7abbc6b0afc0aa"

[[projects]]
  digest = "1:8f0705fa33e8957018611cc81c65cb373b626c092d39931bb86882489fc4c3f4"
  name = "github.com/golang/protobuf"
  packages = [
    "proto",
    "ptypes",
    "ptypes/any",
    "ptypes/duration",
    "ptypes/timestamp",
    "ptypes/wrappers",
  ]
  pruneopts = "UT"
  revision = "aa810b61a9c79d51363740d207bb46cf8e620ed5"
  version = "v1.2.0"

[[projects]]
  branch = "master"
  digest = "1:0bfbe13936953a98ae3cfe8ed6670d396ad81edf069a806d2f6515d7bb6950df"
  name = "github.com/google/btree"
  packages = ["."]
  pruneopts = "UT"
  revision = "4030bb1f1f0c35b30ca7009e9ebd06849dd45306"

[[projects]]
  branch = "master"
  digest = "1:3ee90c0d94da31b442dde97c99635aaafec68d0b8a3c12ee2075c6bdabeec6bb"
  name = "github.com/google/gofuzz"
  packages = ["."]
  pruneopts = "UT"
  revision = "24818f796faf91cd76ec7bddd72458fbced7a6c1"

[[projects]]
  digest = "1:236d7e1bdb50d8f68559af37dbcf9d142d56b431c9b2176d41e2a009b664cda8"
  name = "github.com/google/uuid"
  packages = ["."]
  pruneopts = "UT"
  revision = "9b3b1e0f5f99ae461456d768e7d301a7acdaa2d8"
  version = "v1.1.0"

[[projects]]
  digest = "1:65c4414eeb350c47b8de71110150d0ea8a281835b1f386eacaa3ad7325929c21"
  name = "github.com/googleapis/gnostic"
  packages = [
    "OpenAPIv2",
    "compiler",
    "extensions",
  ]
  pruneopts = "UT"
  revision = "7c663266750e7d82587642f65e60bc4083f1f84e"
  version = "v0.2.0"

[[projects]]
  branch = "master"
  digest = "1:d47549022c929925679aec031329f59f250d704f69ee44a194998cdb8d873393"
  name = "github.com/gophercloud/gophercloud"
  packages = [
    ".",
    "openstack",
    "openstack/identity/v2/tenants",
    "openstack/identity/v2/tokens",
    "openstack/identity/v3/tokens",
    "openstack/utils",
    "pagination",
  ]
  pruneopts = "UT"
  revision = "94924357ebf6c7d448c70d65082ff7ca6f78ddc5"

[[projects]]
  digest = "1:664d37ea261f0fc73dd17f4a1f5f46d01fbb0b0d75f6375af064824424109b7d"
  name = "github.com/gorilla/handlers"
  packages = ["."]
  pruneopts = "UT"
  revision = "7e0847f9db758cdebd26c149d0ae9d5d0b9c98ce"
  version = "v1.4.0"

[[projects]]
  digest = "1:ca59b1175189b3f0e9f1793d2c350114be36eaabbe5b9f554b35edee1de50aea"
  name = "github.com/gorilla/mux"
  packages = ["."]
  pruneopts = "UT"
  revision = "a7962380ca08b5a188038c69871b8d3fbdf31e89"
  version = "v1.7.0"

[[projects]]
  branch = "master"
  digest = "1:4e08dc2383a46b3107f0b34ca338c4459e8fc8ee90e46a60e728aa8a2b21d558"
  name = "github.com/gosuri/uitable"
  packages = [
    ".",
    "util/strutil",
    "util/wordwrap",
  ]
  pruneopts = "UT"
  revision = "36ee7e946282a3fb1cfecd476ddc9b35d8847e42"

[[projects]]
  branch = "master"
  digest = "1:86c1210529e69d69860f2bb3ee9ccce0b595aa3f9165e7dd1388e5c612915888"
  name = "github.com/gregjones/httpcache"
  packages = [
    ".",
    "diskcache",
  ]
  pruneopts = "UT"
  revision = "c63ab54fda8f77302f8d414e19933f2b6026a089"

[[projects]]
  digest = "1:8ec8d88c248041a6df5f6574b87bc00e7e0b493881dad2e7ef47b11dc69093b5"
  name = "github.com/hashicorp/golang-lru"
  packages = [
    ".",
    "simplelru",
  ]
  pruneopts = "UT"
  revision = "20f1fb78b0740ba8c3cb143a61e86ba5c8669768"
  version = "v0.5.0"

[[projects]]
  digest = "1:f9a5e090336881be43cfc1cf468330c1bdd60abdc9dd194e0b1ab69f4b94dd7c"
  name = "github.com/huandu/xstrings"
  packages = ["."]
  pruneopts = "UT"
  revision = "f02667b379e2fb5916c3cda2cf31e0eb885d79f8"
  version = "v1.2.0"

[[projects]]
  digest = "1:8eb1de8112c9924d59bf1d3e5c26f5eaa2bfc2a5fcbb92dc1c2e4546d695f277"
  name = "github.com/imdario/mergo"
  packages = ["."]
  pruneopts = "UT"
  revision = "9f23e2d6bd2a77f959b2bf6acdbefd708a83a4a4"
  version = "v0.3.6"

[[projects]]
  digest = "1:870d441fe217b8e689d7949fef6e43efbc787e50f200cb1e70dbca9204a1d6be"
  name = "github.com/inconshreveable/mousetrap"
  packages = ["."]
  pruneopts = "UT"
  revision = "76626ae9c91c4f2a10f34cad8ce83ea42c93bb75"
  version = "v1.0"

[[projects]]
  digest = "1:3e551bbb3a7c0ab2a2bf4660e7fcad16db089fdcfbb44b0199e62838038623ea"
  name = "github.com/json-iterator/go"
  packages = ["."]
  pruneopts = "UT"
  revision = "1624edc4454b8682399def8740d46db5e4362ba4"
  version = "v1.1.5"

[[projects]]
  branch = "master"
  digest = "1:caf6db28595425c0e0f2301a00257d11712f65c1878e12cffc42f6b9a9cf3f23"
  name = "github.com/kardianos/osext"
  packages = ["."]
  pruneopts = "UT"
  revision = "ae77be60afb1dcacde03767a8c37337fad28ac14"

[[projects]]
  digest = "1:0a69a1c0db3591fcefb47f115b224592c8dfa4368b7ba9fae509d5e16cdc95c8"
  name = "github.com/konsorten/go-windows-terminal-sequences"
  packages = ["."]
  pruneopts = "UT"
  revision = "5c8c8bd35d3832f5d134ae1e1e375b69a4d25242"
  version = "v1.0.1"

[[projects]]
  branch = "master"
  digest = "1:84a5a2b67486d5d67060ac393aa255d05d24ed5ee41daecd5635ec22657b6492"
  name = "github.com/mailru/easyjson"
  packages = [
    "buffer",
    "jlexer",
    "jwriter",
  ]
  pruneopts = "UT"
  revision = "60711f1a8329503b04e1c88535f419d0bb440bff"

[[projects]]
  digest = "1:0356f3312c9bd1cbeda81505b7fd437501d8e778ab66998ef69f00d7f9b3a0d7"
  name = "github.com/mattn/go-runewidth"
  packages = ["."]
  pruneopts = "UT"
  revision = "3ee7d812e62a0804a7d0a324e0249ca2db3476d3"
  version = "v0.0.4"

[[projects]]
  digest = "1:7efe48dea4db6b35dcc15e15394b627247e5b3fb814242de986b746ba8e0abf0"
  name = "github.com/mattn/go-shellwords"
  packages = ["."]
  pruneopts = "UT"
  revision = "02e3cf038dcea8290e44424da473dd12be796a8a"
  version = "v1.0.3"

[[projects]]
  digest = "1:ff5ebae34cfbf047d505ee150de27e60570e8c394b3b8fdbb720ff6ac71985fc"
  name = "github.com/matttproud/golang_protobuf_extensions"
  packages = ["pbutil"]
  pruneopts = "UT"
  revision = "c12348ce28de40eed0136aa2b644d0ee0650e56c"
  version = "v1.0.1"

[[projects]]
  digest = "1:fac4398a5e6e7a30f0e5a13c47fd95f153fa0d94be371a6c01568d56808a9791"
  name = "github.com/miekg/dns"
  packages = ["."]
  pruneopts = "UT"
  revision = "0d29b283ac0f967dd3a02739bf26a22702210d7a"

[[projects]]
  digest = "1:abf08734a6527df70ed361d7c369fb580e6840d8f7a6012e5f609fdfd93b4e48"
  name = "github.com/mitchellh/go-wordwrap"
  packages = ["."]
  pruneopts = "UT"
  revision = "9e67c67572bc5dd02aef930e2b0ae3c02a4b5a5c"
  version = "v1.0.0"

[[projects]]
  digest = "1:33422d238f147d247752996a26574ac48dcf472976eda7f5134015f06bf16563"
  name = "github.com/modern-go/concurrent"
  packages = ["."]
  pruneopts = "UT"
  revision = "bacd9c7ef1dd9b15be4a9909b8ac7a4e313eec94"
  version = "1.0.3"

[[projects]]
  digest = "1:e32bdbdb7c377a07a9a46378290059822efdce5c8d96fe71940d87cb4f918855"
  name = "github.com/modern-go/reflect2"
  packages = ["."]
  pruneopts = "UT"
  revision = "4b7aa43c6742a2c18fdef89dd197aaae7dac7ccd"
  version = "1.0.1"

[[projects]]
  digest = "1:ee4d4af67d93cc7644157882329023ce9a7bcfce956a079069a9405521c7cc8d"
  name = "github.com/opencontainers/go-digest"
  packages = ["."]
  pruneopts = "UT"
  revision = "279bed98673dd5bef374d3b6e4b09e2af76183bf"
  version = "v1.0.0-rc1"

[[projects]]
  digest = "1:11db38d694c130c800d0aefb502fb02519e514dc53d9804ce51d1ad25ec27db6"
  name = "github.com/opencontainers/image-spec"
  packages = [
    "specs-go",
    "specs-go/v1",
  ]
  pruneopts = "UT"
  revision = "d60099175f88c47cd379c4738d158884749ed235"
  version = "v1.0.1"

[[projects]]
  branch = "master"
  digest = "1:3bf17a6e6eaa6ad24152148a631d18662f7212e21637c2699bff3369b7f00fa2"
  name = "github.com/petar/GoLLRB"
  packages = ["llrb"]
  pruneopts = "UT"
  revision = "53be0d36a84c2a886ca057d34b6aa4468df9ccb4"

[[projects]]
  digest = "1:0e7775ebbcf00d8dd28ac663614af924411c868dca3d5aa762af0fae3808d852"
  name = "github.com/peterbourgon/diskv"
  packages = ["."]
  pruneopts = "UT"
  revision = "5f041e8faa004a95c88a202771f4cc3e991971e6"
  version = "v2.0.1"

[[projects]]
  digest = "1:40e195917a951a8bf867cd05de2a46aaf1806c50cf92eebf4c16f78cd196f747"
  name = "github.com/pkg/errors"
  packages = ["."]
  pruneopts = "UT"
  revision = "645ef00459ed84a119197bfb8d8205042c6df63d"
  version = "v0.8.0"

[[projects]]
  digest = "1:0028cb19b2e4c3112225cd871870f2d9cf49b9b4276531f03438a88e94be86fe"
  name = "github.com/pmezard/go-difflib"
  packages = ["difflib"]
  pruneopts = "UT"
  revision = "792786c7400a136282c1664665ae0a8db921c6c2"
  version = "v1.0.0"

[[projects]]
  digest = "1:93a746f1060a8acbcf69344862b2ceced80f854170e1caae089b2834c5fbf7f4"
  name = "github.com/prometheus/client_golang"
  packages = [
    "prometheus",
    "prometheus/internal",
    "prometheus/promhttp",
  ]
  pruneopts = "UT"
  revision = "505eaef017263e299324067d40ca2c48f6a2cf50"
  version = "v0.9.2"

[[projects]]
  branch = "master"
  digest = "1:2d5cd61daa5565187e1d96bae64dbbc6080dacf741448e9629c64fd93203b0d4"
  name = "github.com/prometheus/client_model"
  packages = ["go"]
  pruneopts = "UT"
  revision = "fd36f4220a901265f90734c3183c5f0c91daa0b8"

[[projects]]
  digest = "1:35cf6bdf68db765988baa9c4f10cc5d7dda1126a54bd62e252dbcd0b1fc8da90"
  name = "github.com/prometheus/common"
  packages = [
    "expfmt",
    "internal/bitbucket.org/ww/goautoneg",
    "model",
  ]
  pruneopts = "UT"
  revision = "cfeb6f9992ffa54aaa4f2170ade4067ee478b250"
  version = "v0.2.0"

[[projects]]
  branch = "master"
  digest = "1:5833c61ebbd625a6bad8e5a1ada2b3e13710cf3272046953a2c8915340fe60a3"
  name = "github.com/prometheus/procfs"
  packages = [
    ".",
    "internal/util",
    "nfs",
    "xfs",
  ]
  pruneopts = "UT"
  revision = "316cf8ccfec56d206735d46333ca162eb374da8b"

[[projects]]
  digest = "1:b36a0ede02c4c2aef7df7f91cbbb7bb88a98b5d253509d4f997dda526e50c88c"
  name = "github.com/russross/blackfriday"
  packages = ["."]
  pruneopts = "UT"
  revision = "05f3235734ad95d0016f6a23902f06461fcf567a"
  version = "v1.5.2"

[[projects]]
  digest = "1:69b1cc331fca23d702bd72f860c6a647afd0aa9fcbc1d0659b1365e26546dd70"
  name = "github.com/sirupsen/logrus"
  packages = ["."]
  pruneopts = "UT"
  revision = "bcd833dfe83d3cebad139e4a29ed79cb2318bf95"
  version = "v1.2.0"

[[projects]]
  digest = "1:e01b05ba901239c783dfe56450bcde607fc858908529868259c9a8765dc176d0"
  name = "github.com/spf13/cobra"
  packages = [
    ".",
    "doc",
  ]
  pruneopts = "UT"
  revision = "ef82de70bb3f60c65fb8eebacbb2d122ef517385"
  version = "v0.0.3"

[[projects]]
  digest = "1:c1b1102241e7f645bc8e0c22ae352e8f0dc6484b6cb4d132fa9f24174e0119e2"
  name = "github.com/spf13/pflag"
  packages = ["."]
  pruneopts = "UT"
  revision = "298182f68c66c05229eb03ac171abe6e309ee79a"
  version = "v1.0.3"

[[projects]]
  digest = "1:8ff03ccc603abb0d7cce94d34b613f5f6251a9e1931eba1a3f9888a9029b055c"
  name = "github.com/stretchr/testify"
  packages = [
    "assert",
    "require",
    "suite",
  ]
  pruneopts = "UT"
  revision = "ffdc059bfe9ce6a4e144ba849dbedead332c6053"
  version = "v1.3.0"

[[projects]]
  digest = "1:340553b2fdaab7d53e63fd40f8ed82203bdd3274253055bdb80a46828482ef81"
  name = "github.com/xenolf/lego"
  packages = ["acme"]
  pruneopts = "UT"
  revision = "a9d8cec0e6563575e5868a005359ac97911b5985"

[[projects]]
  branch = "master"
  digest = "1:dcc3219685abd95a08e219859c5f0d80ad25d365b854849d04896ccde94e2422"
  name = "github.com/yvasiyarov/go-metrics"
  packages = ["."]
  pruneopts = "UT"
  revision = "c25f46c4b94079672242ec48a545e7ca9ebe3aec"

[[projects]]
  digest = "1:c14faa3573c79c4a37d49b9081e062208ad1f27ec6e67c74c59eec45f17d9ae9"
  name = "github.com/yvasiyarov/gorelic"
  packages = ["."]
  pruneopts = "UT"
  revision = "4dc1bb7ab951bc884feb2c009092b1a454152355"
  version = "v0.0.6"

[[projects]]
  digest = "1:140012d43042bb7748adc780c767abaab8cf6027fe8cb4bca5099d74e2292656"
  name = "github.com/yvasiyarov/newrelic_platform_go"
  packages = ["."]
  pruneopts = "UT"
  revision = "b21fdbd4370f3717f3bbd2bf41c223bc273068e6"

[[projects]]
  digest = "1:2ae8314c44cd413cfdb5b1df082b350116dd8d2fff973e62c01b285b7affd89e"
  name = "go.opencensus.io"
  packages = [
    ".",
    "exemplar",
    "internal",
    "internal/tagencoding",
    "plugin/ochttp",
    "plugin/ochttp/propagation/b3",
    "plugin/ochttp/propagation/tracecontext",
    "stats",
    "stats/internal",
    "stats/view",
    "tag",
    "trace",
    "trace/internal",
    "trace/propagation",
    "trace/tracestate",
  ]
  pruneopts = "UT"
  revision = "b7bf3cdb64150a8c8c53b769fdeb2ba581bd4d4b"
  version = "v0.18.0"

[[projects]]
  branch = "master"
  digest = "1:599ef9ff10026292c425292ab1d2bb1521cd671fe89a6034df07bf1411daa44b"
  name = "golang.org/x/crypto"
  packages = [
    "cast5",
    "ed25519",
    "ed25519/internal/edwards25519",
    "ocsp",
    "openpgp",
    "openpgp/armor",
    "openpgp/clearsign",
    "openpgp/elgamal",
    "openpgp/errors",
    "openpgp/packet",
    "openpgp/s2k",
    "pbkdf2",
    "scrypt",
    "ssh/terminal",
  ]
  pruneopts = "UT"
  revision = "505ab145d0a99da450461ae2c1a9f6cd10d1f447"

[[projects]]
  branch = "master"
  digest = "1:647b0128e9a9886335bfb6c9a1fc97758b7f846ec42f222933f6fee6730c96e2"
  name = "golang.org/x/net"
  packages = [
    "bpf",
    "context",
    "context/ctxhttp",
    "http/httpguts",
    "http2",
    "http2/hpack",
    "idna",
    "internal/iana",
    "internal/socket",
    "internal/timeseries",
    "ipv4",
    "ipv6",
    "publicsuffix",
    "trace",
  ]
  pruneopts = "UT"
  revision = "927f97764cc334a6575f4b7a1584a147864d5723"

[[projects]]
  branch = "master"
  digest = "1:23443edff0740e348959763085df98400dcfd85528d7771bb0ce9f5f2754ff4a"
  name = "golang.org/x/oauth2"
  packages = [
    ".",
    "google",
    "internal",
    "jws",
    "jwt",
  ]
  pruneopts = "UT"
  revision = "d668ce993890a79bda886613ee587a69dd5da7a6"

[[projects]]
  branch = "master"
  digest = "1:04a5b0e4138f98eef79ce12a955a420ee358e9f787044cc3a553ac3c3ade997e"
  name = "golang.org/x/sync"
  packages = [
    "errgroup",
    "semaphore",
  ]
  pruneopts = "UT"
  revision = "37e7f081c4d4c64e13b10787722085407fe5d15f"

[[projects]]
  branch = "master"
  digest = "1:3d5e79e10549fd9119cbefd614b6d351ef5bd0be2f2b103a4199788e784cbc68"
  name = "golang.org/x/sys"
  packages = [
    "unix",
    "windows",
  ]
  pruneopts = "UT"
  revision = "b4a75ba826a64a70990f11a225237acd6ef35c9f"

[[projects]]
  digest = "1:28756bf526c1af662d24519f2fa7abca7237bebb06e3e02941b2b6e5b6ceb7b9"
  name = "golang.org/x/text"
  packages = [
    "collate",
    "collate/build",
    "encoding",
    "encoding/internal",
    "encoding/internal/identifier",
    "encoding/unicode",
    "internal/colltab",
    "internal/gen",
    "internal/tag",
    "internal/triegen",
    "internal/ucd",
    "internal/utf8internal",
    "language",
    "runes",
    "secure/bidirule",
    "transform",
    "unicode/bidi",
    "unicode/cldr",
    "unicode/norm",
    "unicode/rangetable",
    "width",
  ]
  pruneopts = "UT"
  revision = "f21a4dfb5e38f5895301dc265a8def02365cc3d0"
  version = "v0.3.0"

[[projects]]
  branch = "master"
  digest = "1:9fdc2b55e8e0fafe4b41884091e51e77344f7dc511c5acedcfd98200003bff90"
  name = "golang.org/x/time"
  packages = ["rate"]
  pruneopts = "UT"
  revision = "85acf8d2951cb2a3bde7632f9ff273ef0379bcbd"

[[projects]]
  branch = "master"
  digest = "1:5f003878aabe31d7f6b842d4de32b41c46c214bb629bb485387dbcce1edf5643"
  name = "google.golang.org/api"
  packages = ["support/bundler"]
  pruneopts = "UT"
  revision = "65a46cafb132eff435c7d1e0f439cc73c8eebb85"

[[projects]]
  digest = "1:fa026a5c59bd2df343ec4a3538e6288dcf4e2ec5281d743ae82c120affe6926a"
  name = "google.golang.org/appengine"
  packages = [
    ".",
    "internal",
    "internal/app_identity",
    "internal/base",
    "internal/datastore",
    "internal/log",
    "internal/modules",
    "internal/remote_api",
    "internal/urlfetch",
    "urlfetch",
  ]
  pruneopts = "UT"
  revision = "e9657d882bb81064595ca3b56cbe2546bbabf7b1"
  version = "v1.4.0"

[[projects]]
  branch = "master"
  digest = "1:077c1c599507b3b3e9156d17d36e1e61928ee9b53a5b420f10f28ebd4a0b275c"
  name = "google.golang.org/genproto"
  packages = ["googleapis/rpc/status"]
  pruneopts = "UT"
  revision = "bd9b4fb69e2ffd37621a6caa54dcbead29b546f2"

[[projects]]
  digest = "1:9edd250a3c46675d0679d87540b30c9ed253b19bd1fd1af08f4f5fb3c79fc487"
  name = "google.golang.org/grpc"
  packages = [
    ".",
    "balancer",
    "balancer/base",
    "balancer/roundrobin",
    "binarylog/grpc_binarylog_v1",
    "codes",
    "connectivity",
    "credentials",
    "credentials/internal",
    "encoding",
    "encoding/proto",
    "grpclog",
    "internal",
    "internal/backoff",
    "internal/binarylog",
    "internal/channelz",
    "internal/envconfig",
    "internal/grpcrand",
    "internal/grpcsync",
    "internal/syscall",
    "internal/transport",
    "keepalive",
    "metadata",
    "naming",
    "peer",
    "resolver",
    "resolver/dns",
    "resolver/passthrough",
    "stats",
    "status",
    "tap",
  ]
  pruneopts = "UT"
  revision = "df014850f6dee74ba2fc94874043a9f3f75fbfd8"
  version = "v1.17.0"

[[projects]]
  digest = "1:2d1fbdc6777e5408cabeb02bf336305e724b925ff4546ded0fa8715a7267922a"
  name = "gopkg.in/inf.v0"
  packages = ["."]
  pruneopts = "UT"
  revision = "d2d2541c53f18d2a059457998ce2876cc8e67cbf"
  source = "https://github.com/go-inf/inf.git"
  version = "v0.9.1"

[[projects]]
  digest = "1:0c9d7630c981ff09c7d297db73b3a94358e6572e8de063853c38d1e2c500272e"
  name = "gopkg.in/square/go-jose.v1"
  packages = [
    ".",
    "cipher",
    "json",
  ]
  pruneopts = "UT"
  revision = "56062818b5e15ee405eb8363f9498c7113e98337"
  source = "https://github.com/square/go-jose.git"
  version = "v1.1.2"

[[projects]]
  digest = "1:005cbf8b937fcb1694b9dbb845b0aef618627be7faf7bb330eb2490e3f506ef8"
  name = "gopkg.in/square/go-jose.v2"
  packages = [
    ".",
    "cipher",
    "json",
    "jwt",
  ]
  pruneopts = "UT"
  revision = "628223f44a71f715d2881ea69afc795a1e9c01be"
  source = "https://github.com/square/go-jose.git"
  version = "v2.3.0"

[[projects]]
  digest = "1:4d2e5a73dc1500038e504a8d78b986630e3626dc027bc030ba5c75da257cdb96"
  name = "gopkg.in/yaml.v2"
  packages = ["."]
  pruneopts = "UT"
  revision = "51d6538a90f86fe93ac480b35f37b2be17fef232"
  source = "https://github.com/go-yaml/yaml"
  version = "v2.2.2"

[[projects]]
  branch = "release-1.13"
  digest = "1:59f8bed7a7fbb14fb4d57cd578e2f65b1779b11573e7aa7fdba942198bbf8c07"
  name = "k8s.io/api"
  packages = [
    "admission/v1beta1",
    "admissionregistration/v1alpha1",
    "admissionregistration/v1beta1",
    "apps/v1",
    "apps/v1beta1",
    "apps/v1beta2",
    "auditregistration/v1alpha1",
    "authentication/v1",
    "authentication/v1beta1",
    "authorization/v1",
    "authorization/v1beta1",
    "autoscaling/v1",
    "autoscaling/v2beta1",
    "autoscaling/v2beta2",
    "batch/v1",
    "batch/v1beta1",
    "batch/v2alpha1",
    "certificates/v1beta1",
    "coordination/v1beta1",
    "core/v1",
    "events/v1beta1",
    "extensions/v1beta1",
    "imagepolicy/v1alpha1",
    "networking/v1",
    "policy/v1beta1",
    "rbac/v1",
    "rbac/v1alpha1",
    "rbac/v1beta1",
    "scheduling/v1alpha1",
    "scheduling/v1beta1",
    "settings/v1alpha1",
    "storage/v1",
    "storage/v1alpha1",
    "storage/v1beta1",
  ]
  pruneopts = "UT"
  revision = "5cb15d34447165a97c76ed5a60e4e99c8a01ecfe"

[[projects]]
  branch = "release-1.13"
  digest = "1:5c8e30a40644c03c864f2a9e3d32b6346ab05c8cafafd1833954c3957abcb160"
  name = "k8s.io/apiextensions-apiserver"
  packages = ["pkg/features"]
  pruneopts = "UT"
  revision = "bfb440be4b874c001bc64ea4b3324d37ab3c98dd"

[[projects]]
  branch = "release-1.13"
  digest = "1:bdcf6344cebab8b19627c9beb2ea676f584eca1d255b060f01bb30236bcb5be5"
  name = "k8s.io/apimachinery"
  packages = [
    "pkg/api/equality",
    "pkg/api/errors",
    "pkg/api/meta",
    "pkg/api/meta/testrestmapper",
    "pkg/api/resource",
    "pkg/api/validation",
    "pkg/apis/meta/internalversion",
    "pkg/apis/meta/v1",
    "pkg/apis/meta/v1/unstructured",
    "pkg/apis/meta/v1/unstructured/unstructuredscheme",
    "pkg/apis/meta/v1/validation",
    "pkg/apis/meta/v1beta1",
    "pkg/conversion",
    "pkg/conversion/queryparams",
    "pkg/fields",
    "pkg/labels",
    "pkg/runtime",
    "pkg/runtime/schema",
    "pkg/runtime/serializer",
    "pkg/runtime/serializer/json",
    "pkg/runtime/serializer/protobuf",
    "pkg/runtime/serializer/recognizer",
    "pkg/runtime/serializer/streaming",
    "pkg/runtime/serializer/versioning",
    "pkg/selection",
    "pkg/types",
    "pkg/util/cache",
    "pkg/util/clock",
    "pkg/util/diff",
    "pkg/util/duration",
    "pkg/util/errors",
    "pkg/util/framer",
    "pkg/util/httpstream",
    "pkg/util/httpstream/spdy",
    "pkg/util/intstr",
    "pkg/util/json",
    "pkg/util/mergepatch",
    "pkg/util/naming",
    "pkg/util/net",
    "pkg/util/rand",
    "pkg/util/remotecommand",
    "pkg/util/runtime",
    "pkg/util/sets",
    "pkg/util/strategicpatch",
    "pkg/util/validation",
    "pkg/util/validation/field",
    "pkg/util/wait",
    "pkg/util/yaml",
    "pkg/version",
    "pkg/watch",
    "third_party/forked/golang/json",
    "third_party/forked/golang/netutil",
    "third_party/forked/golang/reflect",
  ]
  pruneopts = "UT"
  revision = "86fb29eff6288413d76bd8506874fddd9fccdff0"

[[projects]]
  branch = "release-1.13"
  digest = "1:138928c37ee6ec1be14aec46c97dab5f110ffa7e81828b9d27919df371fd8f62"
  name = "k8s.io/apiserver"
  packages = [
    "pkg/authentication/authenticator",
    "pkg/authentication/serviceaccount",
    "pkg/authentication/user",
    "pkg/features",
    "pkg/util/feature",
  ]
  pruneopts = "UT"
  revision = "5838f549963bed8c4af81f430f23a29eccad093e"

[[projects]]
  branch = "master"
  digest = "1:79d60410b8f3339b77a36d6096cea81ebe4974b7cb8108446a121266b58bff01"
  name = "k8s.io/cli-runtime"
  packages = [
    "pkg/genericclioptions",
    "pkg/genericclioptions/printers",
    "pkg/genericclioptions/resource",
    "pkg/kustomize/k8sdeps",
    "pkg/kustomize/k8sdeps/configmapandsecret",
    "pkg/kustomize/k8sdeps/kunstruct",
    "pkg/kustomize/k8sdeps/transformer",
    "pkg/kustomize/k8sdeps/transformer/hash",
    "pkg/kustomize/k8sdeps/transformer/patch",
    "pkg/kustomize/k8sdeps/validator",
  ]
  pruneopts = "UT"
  revision = "8abb1aeb8307ee1f2335c4331d850a232efb1cbd"

[[projects]]
  digest = "1:bbd76e2885a4c5d22210e1196c24e1dac3d695717892beb1231f7226e6aea7de"
  name = "k8s.io/client-go"
  packages = [
    "discovery",
    "discovery/fake",
    "dynamic",
    "dynamic/fake",
    "kubernetes",
    "kubernetes/fake",
    "kubernetes/scheme",
    "kubernetes/typed/admissionregistration/v1alpha1",
    "kubernetes/typed/admissionregistration/v1alpha1/fake",
    "kubernetes/typed/admissionregistration/v1beta1",
    "kubernetes/typed/admissionregistration/v1beta1/fake",
    "kubernetes/typed/apps/v1",
    "kubernetes/typed/apps/v1/fake",
    "kubernetes/typed/apps/v1beta1",
    "kubernetes/typed/apps/v1beta1/fake",
    "kubernetes/typed/apps/v1beta2",
    "kubernetes/typed/apps/v1beta2/fake",
    "kubernetes/typed/auditregistration/v1alpha1",
    "kubernetes/typed/auditregistration/v1alpha1/fake",
    "kubernetes/typed/authentication/v1",
    "kubernetes/typed/authentication/v1/fake",
    "kubernetes/typed/authentication/v1beta1",
    "kubernetes/typed/authentication/v1beta1/fake",
    "kubernetes/typed/authorization/v1",
    "kubernetes/typed/authorization/v1/fake",
    "kubernetes/typed/authorization/v1beta1",
    "kubernetes/typed/authorization/v1beta1/fake",
    "kubernetes/typed/autoscaling/v1",
    "kubernetes/typed/autoscaling/v1/fake",
    "kubernetes/typed/autoscaling/v2beta1",
    "kubernetes/typed/autoscaling/v2beta1/fake",
    "kubernetes/typed/autoscaling/v2beta2",
    "kubernetes/typed/autoscaling/v2beta2/fake",
    "kubernetes/typed/batch/v1",
    "kubernetes/typed/batch/v1/fake",
    "kubernetes/typed/batch/v1beta1",
    "kubernetes/typed/batch/v1beta1/fake",
    "kubernetes/typed/batch/v2alpha1",
    "kubernetes/typed/batch/v2alpha1/fake",
    "kubernetes/typed/certificates/v1beta1",
    "kubernetes/typed/certificates/v1beta1/fake",
    "kubernetes/typed/coordination/v1beta1",
    "kubernetes/typed/coordination/v1beta1/fake",
    "kubernetes/typed/core/v1",
    "kubernetes/typed/core/v1/fake",
    "kubernetes/typed/events/v1beta1",
    "kubernetes/typed/events/v1beta1/fake",
    "kubernetes/typed/extensions/v1beta1",
    "kubernetes/typed/extensions/v1beta1/fake",
    "kubernetes/typed/networking/v1",
    "kubernetes/typed/networking/v1/fake",
    "kubernetes/typed/policy/v1beta1",
    "kubernetes/typed/policy/v1beta1/fake",
    "kubernetes/typed/rbac/v1",
    "kubernetes/typed/rbac/v1/fake",
    "kubernetes/typed/rbac/v1alpha1",
    "kubernetes/typed/rbac/v1alpha1/fake",
    "kubernetes/typed/rbac/v1beta1",
    "kubernetes/typed/rbac/v1beta1/fake",
    "kubernetes/typed/scheduling/v1alpha1",
    "kubernetes/typed/scheduling/v1alpha1/fake",
    "kubernetes/typed/scheduling/v1beta1",
    "kubernetes/typed/scheduling/v1beta1/fake",
    "kubernetes/typed/settings/v1alpha1",
    "kubernetes/typed/settings/v1alpha1/fake",
    "kubernetes/typed/storage/v1",
    "kubernetes/typed/storage/v1/fake",
    "kubernetes/typed/storage/v1alpha1",
    "kubernetes/typed/storage/v1alpha1/fake",
    "kubernetes/typed/storage/v1beta1",
    "kubernetes/typed/storage/v1beta1/fake",
    "pkg/apis/clientauthentication",
    "pkg/apis/clientauthentication/v1alpha1",
    "pkg/apis/clientauthentication/v1beta1",
    "pkg/version",
    "plugin/pkg/client/auth",
    "plugin/pkg/client/auth/azure",
    "plugin/pkg/client/auth/exec",
    "plugin/pkg/client/auth/gcp",
    "plugin/pkg/client/auth/oidc",
    "plugin/pkg/client/auth/openstack",
    "rest",
    "rest/fake",
    "rest/watch",
    "restmapper",
    "scale",
    "scale/scheme",
    "scale/scheme/appsint",
    "scale/scheme/appsv1beta1",
    "scale/scheme/appsv1beta2",
    "scale/scheme/autoscalingv1",
    "scale/scheme/extensionsint",
    "scale/scheme/extensionsv1beta1",
    "testing",
    "third_party/forked/golang/template",
    "tools/auth",
    "tools/cache",
    "tools/clientcmd",
    "tools/clientcmd/api",
    "tools/clientcmd/api/latest",
    "tools/clientcmd/api/v1",
    "tools/metrics",
    "tools/pager",
    "tools/record",
    "tools/reference",
    "tools/remotecommand",
    "tools/watch",
    "transport",
    "transport/spdy",
    "util/buffer",
    "util/cert",
    "util/connrotation",
    "util/exec",
    "util/flowcontrol",
    "util/homedir",
    "util/integer",
    "util/jsonpath",
    "util/retry",
  ]
  pruneopts = "UT"
  revision = "b40b2a5939e43f7ffe0028ad67586b7ce50bb675"
  version = "kubernetes-1.13.4"

[[projects]]
  digest = "1:e2999bf1bb6eddc2a6aa03fe5e6629120a53088926520ca3b4765f77d7ff7eab"
  name = "k8s.io/klog"
  packages = ["."]
  pruneopts = "UT"
  revision = "a5bc97fbc634d635061f3146511332c7e313a55a"
  version = "v0.1.0"

[[projects]]
  branch = "master"
  digest = "1:d8f05387026197d55244f5866ea172e360c3f1602bea51ba90c72a7a43ecdce6"
  name = "k8s.io/kube-openapi"
  packages = [
    "pkg/common",
    "pkg/util/proto",
    "pkg/util/proto/testing",
    "pkg/util/proto/validation",
  ]
  pruneopts = "UT"
  revision = "0317810137be915b9cf888946c6e115c1bfac693"

[[projects]]
  branch = "release-1.13"
  digest = "1:c9564449a22bd640a6ab2b73decf4e8e42e9d896ea5d342a69319c32ca6f870b"
  name = "k8s.io/kubernetes"
  packages = [
    "pkg/api/legacyscheme",
    "pkg/api/service",
    "pkg/api/v1/pod",
    "pkg/apis/apps",
    "pkg/apis/apps/install",
    "pkg/apis/apps/v1",
    "pkg/apis/apps/v1beta1",
    "pkg/apis/apps/v1beta2",
    "pkg/apis/authentication",
    "pkg/apis/authentication/install",
    "pkg/apis/authentication/v1",
    "pkg/apis/authentication/v1beta1",
    "pkg/apis/authorization",
    "pkg/apis/authorization/install",
    "pkg/apis/authorization/v1",
    "pkg/apis/authorization/v1beta1",
    "pkg/apis/autoscaling",
    "pkg/apis/autoscaling/install",
    "pkg/apis/autoscaling/v1",
    "pkg/apis/autoscaling/v2beta1",
    "pkg/apis/autoscaling/v2beta2",
    "pkg/apis/batch",
    "pkg/apis/batch/install",
    "pkg/apis/batch/v1",
    "pkg/apis/batch/v1beta1",
    "pkg/apis/batch/v2alpha1",
    "pkg/apis/certificates",
    "pkg/apis/certificates/install",
    "pkg/apis/certificates/v1beta1",
    "pkg/apis/coordination",
    "pkg/apis/coordination/install",
    "pkg/apis/coordination/v1beta1",
    "pkg/apis/core",
    "pkg/apis/core/helper",
    "pkg/apis/core/install",
    "pkg/apis/core/pods",
    "pkg/apis/core/v1",
    "pkg/apis/core/v1/helper",
    "pkg/apis/core/validation",
    "pkg/apis/events",
    "pkg/apis/events/install",
    "pkg/apis/events/v1beta1",
    "pkg/apis/extensions",
    "pkg/apis/extensions/install",
    "pkg/apis/extensions/v1beta1",
    "pkg/apis/networking",
    "pkg/apis/policy",
    "pkg/apis/policy/install",
    "pkg/apis/policy/v1beta1",
    "pkg/apis/rbac",
    "pkg/apis/rbac/install",
    "pkg/apis/rbac/v1",
    "pkg/apis/rbac/v1alpha1",
    "pkg/apis/rbac/v1beta1",
    "pkg/apis/scheduling",
    "pkg/apis/scheduling/install",
    "pkg/apis/scheduling/v1alpha1",
    "pkg/apis/scheduling/v1beta1",
    "pkg/apis/settings",
    "pkg/apis/settings/install",
    "pkg/apis/settings/v1alpha1",
    "pkg/apis/storage",
    "pkg/apis/storage/install",
    "pkg/apis/storage/util",
    "pkg/apis/storage/v1",
    "pkg/apis/storage/v1alpha1",
    "pkg/apis/storage/v1beta1",
    "pkg/capabilities",
    "pkg/controller",
    "pkg/controller/deployment/util",
    "pkg/features",
    "pkg/fieldpath",
    "pkg/kubectl",
    "pkg/kubectl/apps",
    "pkg/kubectl/cmd/get",
    "pkg/kubectl/cmd/testing",
    "pkg/kubectl/cmd/util",
    "pkg/kubectl/cmd/util/openapi",
    "pkg/kubectl/cmd/util/openapi/testing",
    "pkg/kubectl/cmd/util/openapi/validation",
    "pkg/kubectl/describe",
    "pkg/kubectl/describe/versioned",
    "pkg/kubectl/generated",
    "pkg/kubectl/scheme",
    "pkg/kubectl/util",
    "pkg/kubectl/util/certificate",
    "pkg/kubectl/util/deployment",
    "pkg/kubectl/util/event",
    "pkg/kubectl/util/fieldpath",
    "pkg/kubectl/util/i18n",
    "pkg/kubectl/util/podutils",
    "pkg/kubectl/util/printers",
    "pkg/kubectl/util/qos",
    "pkg/kubectl/util/rbac",
    "pkg/kubectl/util/resource",
    "pkg/kubectl/util/slice",
    "pkg/kubectl/util/storage",
    "pkg/kubectl/util/templates",
    "pkg/kubectl/util/term",
    "pkg/kubectl/validation",
    "pkg/kubelet/apis",
    "pkg/kubelet/types",
    "pkg/master/ports",
    "pkg/printers",
    "pkg/printers/internalversion",
    "pkg/scheduler/api",
    "pkg/security/apparmor",
    "pkg/serviceaccount",
    "pkg/util/file",
    "pkg/util/hash",
    "pkg/util/interrupt",
    "pkg/util/labels",
    "pkg/util/net/sets",
    "pkg/util/node",
    "pkg/util/parsers",
    "pkg/util/taints",
    "pkg/version",
  ]
  pruneopts = "UT"
  revision = "6c1e64b94a3e111199c934c39a0c25bc219ed5f9"

[[projects]]
  branch = "master"
  digest = "1:9c6cb46fa10409b199f93e6ceda462ddfa62d74e97174591a147b38982585d24"
  name = "k8s.io/utils"
  packages = [
    "exec",
    "pointer",
  ]
  pruneopts = "UT"
  revision = "8a16e7dd8fb6d97d1331b0c79a16722f934b00b1"

[[projects]]
  branch = "master"
  digest = "1:15fbb9f95a13abe2be748b1159b491369d46a2ccc3f378e0f93c391f89608929"
  name = "rsc.io/letsencrypt"
  packages = ["."]
  pruneopts = "UT"
  revision = "1847a81d2087eba73081db43989e54dabe0768cd"
  source = "https://github.com/dmcgowan/letsencrypt.git"

[[projects]]
  digest = "1:443f6048f55fc9e389e8f7fa20b25bc30ef565953dd5c6425c9032432a677301"
  name = "sigs.k8s.io/kustomize"
  packages = [
    "pkg/commands/build",
    "pkg/constants",
    "pkg/expansion",
    "pkg/factory",
    "pkg/fs",
    "pkg/gvk",
    "pkg/ifc",
    "pkg/ifc/transformer",
    "pkg/internal/error",
    "pkg/loader",
    "pkg/patch",
    "pkg/patch/transformer",
    "pkg/resid",
    "pkg/resmap",
    "pkg/resource",
    "pkg/target",
    "pkg/transformers",
    "pkg/transformers/config",
    "pkg/transformers/config/defaultconfig",
    "pkg/types",
  ]
  pruneopts = "UT"
  revision = "8f701a00417a812558a7b785e8354957afa469ae"
  version = "v1.0.11"

[[projects]]
  digest = "1:7719608fe0b52a4ece56c2dde37bedd95b938677d1ab0f84b8a7852e4c59f849"
  name = "sigs.k8s.io/yaml"
  packages = ["."]
  pruneopts = "UT"
  revision = "fd68e9863619f6ec2fdd8625fe1f02e7c877e480"
  version = "v1.1.0"

[[projects]]
  branch = "master"
  digest = "1:9132eacc44d9bd1e03145ea2e9d4888800da7773d6edebb401f8cd34c9fb8380"
  name = "vbom.ml/util"
  packages = ["sortorder"]
  pruneopts = "UT"
  revision = "efcd4e0f97874370259c7d93e12aad57911dea81"

[solve-meta]
  analyzer-name = "dep"
  analyzer-version = 1
  input-imports = [
    "github.com/BurntSushi/toml",
    "github.com/Masterminds/semver",
    "github.com/Masterminds/sprig",
    "github.com/Masterminds/vcs",
    "github.com/asaskevich/govalidator",
    "github.com/containerd/containerd/reference",
    "github.com/containerd/containerd/remotes",
    "github.com/containerd/containerd/remotes/docker",
    "github.com/deislabs/oras/pkg/content",
    "github.com/deislabs/oras/pkg/oras",
    "github.com/docker/distribution/configuration",
    "github.com/docker/distribution/registry",
    "github.com/docker/distribution/registry/storage/driver/inmemory",
    "github.com/docker/go-units",
    "github.com/evanphx/json-patch",
    "github.com/ghodss/yaml",
    "github.com/gobwas/glob",
    "github.com/gosuri/uitable",
    "github.com/gosuri/uitable/util/strutil",
    "github.com/mattn/go-shellwords",
    "github.com/opencontainers/go-digest",
    "github.com/opencontainers/image-spec/specs-go/v1",
    "github.com/pkg/errors",
    "github.com/sirupsen/logrus",
    "github.com/spf13/cobra",
    "github.com/spf13/cobra/doc",
    "github.com/spf13/pflag",
    "github.com/stretchr/testify/assert",
    "github.com/stretchr/testify/suite",
    "golang.org/x/crypto/openpgp",
    "golang.org/x/crypto/openpgp/clearsign",
    "golang.org/x/crypto/openpgp/errors",
    "golang.org/x/crypto/openpgp/packet",
    "golang.org/x/crypto/ssh/terminal",
    "gopkg.in/yaml.v2",
    "k8s.io/api/apps/v1",
    "k8s.io/api/apps/v1beta1",
    "k8s.io/api/apps/v1beta2",
    "k8s.io/api/batch/v1",
    "k8s.io/api/core/v1",
    "k8s.io/api/extensions/v1beta1",
    "k8s.io/apimachinery/pkg/api/equality",
    "k8s.io/apimachinery/pkg/api/errors",
    "k8s.io/apimachinery/pkg/api/meta",
    "k8s.io/apimachinery/pkg/apis/meta/v1",
    "k8s.io/apimachinery/pkg/fields",
    "k8s.io/apimachinery/pkg/labels",
    "k8s.io/apimachinery/pkg/runtime",
    "k8s.io/apimachinery/pkg/runtime/schema",
    "k8s.io/apimachinery/pkg/types",
    "k8s.io/apimachinery/pkg/util/strategicpatch",
    "k8s.io/apimachinery/pkg/util/validation",
    "k8s.io/apimachinery/pkg/util/wait",
    "k8s.io/apimachinery/pkg/version",
    "k8s.io/apimachinery/pkg/watch",
    "k8s.io/cli-runtime/pkg/genericclioptions",
    "k8s.io/cli-runtime/pkg/genericclioptions/resource",
    "k8s.io/client-go/discovery",
    "k8s.io/client-go/kubernetes",
    "k8s.io/client-go/kubernetes/fake",
    "k8s.io/client-go/kubernetes/scheme",
    "k8s.io/client-go/kubernetes/typed/core/v1",
    "k8s.io/client-go/plugin/pkg/client/auth",
    "k8s.io/client-go/rest/fake",
    "k8s.io/client-go/tools/clientcmd",
    "k8s.io/client-go/tools/watch",
    "k8s.io/client-go/util/homedir",
    "k8s.io/kubernetes/pkg/api/legacyscheme",
    "k8s.io/kubernetes/pkg/apis/batch",
    "k8s.io/kubernetes/pkg/controller/deployment/util",
    "k8s.io/kubernetes/pkg/kubectl/cmd/get",
    "k8s.io/kubernetes/pkg/kubectl/cmd/testing",
    "k8s.io/kubernetes/pkg/kubectl/cmd/util",
    "k8s.io/kubernetes/pkg/kubectl/scheme",
    "k8s.io/kubernetes/pkg/kubectl/validation",
  ]
  solver-name = "gps-cdcl"
  solver-version = 1
